
Microsoft Visual Studio Solution File, Format Version 12.00
# Visual Studio Version 16
VisualStudioVersion = 16.0.32106.194
MinimumVisualStudioVersion = 10.0.40219.1
Project("{9A19103F-16F7-4668-BE54-9A1E7A4F7556}") = "WPFUI", "WPFUI\WPFUI.csproj", "{5855166C-F9A6-48C4-A96B-570B389371AD}"
EndProject
Project("{FAE04EC0-301F-11D3-BF4B-00C04F79EFBC}") = "Engine", "Engine\Engine.csproj", "{37F808E4-D906-4D5D-BD38-E5C33D4D6E50}"
EndProject
Global
	GlobalSection(SolutionConfigurationPlatforms) = preSolution
		Debug|Any CPU = Debug|Any CPU
		Release|Any CPU = Release|Any CPU
	EndGlobalSection
	GlobalSection(ProjectConfigurationPlatforms) = postSolution
		{5855166C-F9A6-48C4-A96B-570B389371AD}.Debug|Any CPU.ActiveCfg = Debug|Any CPU
		{5855166C-F9A6-48C4-A96B-570B389371AD}.Debug|Any CPU.Build.0 = Debug|Any CPU
		{5855166C-F9A6-48C4-A96B-570B389371AD}.Release|Any CPU.ActiveCfg = Release|Any CPU
		{5855166C-F9A6-48C4-A96B-570B389371AD}.Release|Any CPU.Build.0 = Release|Any CPU
		{37F808E4-D906-4D5D-BD38-E5C33D4D6E50}.Debug|Any CPU.ActiveCfg = Debug|Any CPU
		{37F808E4-D906-4D5D-BD38-E5C33D4D6E50}.Debug|Any CPU.Build.0 = Debug|Any CPU
		{37F808E4-D906-4D5D-BD38-E5C33D4D6E50}.Release|Any CPU.ActiveCfg = Release|Any CPU
		{37F808E4-D906-4D5D-BD38-E5C33D4D6E50}.Release|Any CPU.Build.0 = Release|Any CPU
	EndGlobalSection
	GlobalSection(SolutionProperties) = preSolution
		HideSolutionNode = FALSE
	EndGlobalSection
	GlobalSection(ExtensibilityGlobals) = postSolution
		SolutionGuid = {EBD876C2-D5D4-45D4-8CF2-C54BE09BAC2C}
	EndGlobalSection
EndGlobal
