
Microsoft Visual Studio Solution File, Format Version 12.00
# Visual Studio Version 16
VisualStudioVersion = 16.0.32106.194
MinimumVisualStudioVersion = 10.0.40219.1
Project("{9A19103F-16F7-4668-BE54-9A1E7A4F7556}") = "WPFUI", "WPFUI\WPFUI.csproj", "{5855166C-F9A6-48C4-A96B-570B389371AD}"
EndProject
Project("{9A19103F-16F7-4668-BE54-9A1E7A4F7556}") = "Engine", "Engine\Engine.csproj", "{37F808E4-D906-4D5D-BD38-E5C33D4D6E50}"
EndProject
Project("{2150E333-8FDC-42A3-9474-1A3956D46DE8}") = "Docs", "Docs", "{840B6803-6A36-4FE6-852D-3B76885A0B99}"
	ProjectSection(SolutionItems) = preProject
		LicensesConsumed.txt = LicensesConsumed.txt
	EndProjectSection
EndProject
Project("{FAE04EC0-301F-11D3-BF4B-00C04F79EFBC}") = "SOSCSRPG.ViewModels", "SOSCSRPG.ViewModels\SOSCSRPG.ViewModels.csproj", "{29D3871A-3F4B-449B-820F-6D4F1A7461CF}"
EndProject
Project("{FAE04EC0-301F-11D3-BF4B-00C04F79EFBC}") = "SOSCSRPG.Models", "SOSCSRPG.Models\SOSCSRPG.Models.csproj", "{C70E7168-9DD4-4E59-9183-73C0792A9764}"
EndProject
Project("{FAE04EC0-301F-11D3-BF4B-00C04F79EFBC}") = "SOSCSRPG.Services", "SOSCSRPG.Services\SOSCSRPG.Services.csproj", "{ADF2AAC0-3C3E-4F2F-88BF-94ABCCFECDF1}"
EndProject
Global
	GlobalSection(SolutionConfigurationPlatforms) = preSolution
		Debug|Any CPU = Debug|Any CPU
		Release|Any CPU = Release|Any CPU
	EndGlobalSection
	GlobalSection(ProjectConfigurationPlatforms) = postSolution
		{5855166C-F9A6-48C4-A96B-570B389371AD}.Debug|Any CPU.ActiveCfg = Debug|Any CPU
		{5855166C-F9A6-48C4-A96B-570B389371AD}.Debug|Any CPU.Build.0 = Debug|Any CPU
		{5855166C-F9A6-48C4-A96B-570B389371AD}.Release|Any CPU.ActiveCfg = Release|Any CPU
		{5855166C-F9A6-48C4-A96B-570B389371AD}.Release|Any CPU.Build.0 = Release|Any CPU
		{37F808E4-D906-4D5D-BD38-E5C33D4D6E50}.Debug|Any CPU.ActiveCfg = Debug|Any CPU
		{37F808E4-D906-4D5D-BD38-E5C33D4D6E50}.Debug|Any CPU.Build.0 = Debug|Any CPU
		{37F808E4-D906-4D5D-BD38-E5C33D4D6E50}.Release|Any CPU.ActiveCfg = Release|Any CPU
		{37F808E4-D906-4D5D-BD38-E5C33D4D6E50}.Release|Any CPU.Build.0 = Release|Any CPU
		{29D3871A-3F4B-449B-820F-6D4F1A7461CF}.Debug|Any CPU.ActiveCfg = Debug|Any CPU
		{29D3871A-3F4B-449B-820F-6D4F1A7461CF}.Debug|Any CPU.Build.0 = Debug|Any CPU
		{29D3871A-3F4B-449B-820F-6D4F1A7461CF}.Release|Any CPU.ActiveCfg = Release|Any CPU
		{29D3871A-3F4B-449B-820F-6D4F1A7461CF}.Release|Any CPU.Build.0 = Release|Any CPU
		{C70E7168-9DD4-4E59-9183-73C0792A9764}.Debug|Any CPU.ActiveCfg = Debug|Any CPU
		{C70E7168-9DD4-4E59-9183-73C0792A9764}.Debug|Any CPU.Build.0 = Debug|Any CPU
		{C70E7168-9DD4-4E59-9183-73C0792A9764}.Release|Any CPU.ActiveCfg = Release|Any CPU
		{C70E7168-9DD4-4E59-9183-73C0792A9764}.Release|Any CPU.Build.0 = Release|Any CPU
		{ADF2AAC0-3C3E-4F2F-88BF-94ABCCFECDF1}.Debug|Any CPU.ActiveCfg = Debug|Any CPU
		{ADF2AAC0-3C3E-4F2F-88BF-94ABCCFECDF1}.Debug|Any CPU.Build.0 = Debug|Any CPU
		{ADF2AAC0-3C3E-4F2F-88BF-94ABCCFECDF1}.Release|Any CPU.ActiveCfg = Release|Any CPU
		{ADF2AAC0-3C3E-4F2F-88BF-94ABCCFECDF1}.Release|Any CPU.Build.0 = Release|Any CPU
	EndGlobalSection
	GlobalSection(SolutionProperties) = preSolution
		HideSolutionNode = FALSE
	EndGlobalSection
	GlobalSection(ExtensibilityGlobals) = postSolution
		SolutionGuid = {EBD876C2-D5D4-45D4-8CF2-C54BE09BAC2C}
	EndGlobalSection
EndGlobal
